{
  "name": "@freedomsex/login-form",
  "version": "1.0.1",
  "lockfileVersion": 1,
  "requires": true,
  "dependencies": {
    "@freedomsex/captcha-image": {
      "version": "1.1.5",
      "resolved": "https://registry.npmjs.org/@freedomsex/captcha-image/-/captcha-image-1.1.5.tgz",
      "integrity": "sha512-uJjwuJwHw0zPsQHP+Bl38Vo6Ja5MshFV43O7Y0VijUrI80eCckpR8BcnjJTPBUS/JTsRI6xV+VhNc5ABNhR5YQ==",
      "requires": {
        "@freedomsex/simple-hash": "^1.0.0",
        "@freedomsex/styles": "^0.1.2"
      }
    },
    "@freedomsex/modal-dialogs": {
      "version": "2.0.0",
      "resolved": "https://registry.npmjs.org/@freedomsex/modal-dialogs/-/modal-dialogs-2.0.0.tgz",
      "integrity": "sha512-iOt0e3o9DQVJogAQ/H3XzapCPS2JUjgprEN8Mb++BqMcxTwuu3304MX1SbBs6GZ0Fg40jiaBLLUd0PA6Ez1vHA==",
      "requires": {
        "@freedomsex/styles": "0.0.3",
        "vue-i18n": "^8.15.3"
      },
      "dependencies": {
        "@freedomsex/styles": {
          "version": "0.0.3",
          "resolved": "https://registry.npmjs.org/@freedomsex/styles/-/styles-0.0.3.tgz",
          "integrity": "sha512-DMPuts4tILClaBEDJo9ZndqXiM3fp1xF/bIqRecTBfzloFA+rZFVjy6eKCkhZpiIbB1guIeTN38CBvgZMljbSw=="
        }
      }
    },
    "@freedomsex/service-worker": {
      "version": "0.1.0",
      "resolved": "https://registry.npmjs.org/@freedomsex/service-worker/-/service-worker-0.1.0.tgz",
      "integrity": "sha512-/esJyXSCqL0MRVQK9QRopvRYePUEoneKwi8eTyM37rJ6Q1idE+B8ujcutTCGOj9D0zp/iTbgxnqMp6YIFCM8wA=="
    },
    "@freedomsex/simple-hash": {
      "version": "1.0.0",
      "resolved": "https://registry.npmjs.org/@freedomsex/simple-hash/-/simple-hash-1.0.0.tgz",
      "integrity": "sha512-suRE8xzYZrjdUcQRUmmvUx9K93oNHzAJwRnE+IbbH9p52OYMgU+xj9UmqY0lo7tbsn5FmvtnE84rK2bk8mpItg=="
    },
    "@freedomsex/styles": {
      "version": "0.1.2",
      "resolved": "https://registry.npmjs.org/@freedomsex/styles/-/styles-0.1.2.tgz",
      "integrity": "sha512-sxhiprdbYkb24MziH2eAhoOqFkkrnsA8Wg0P452dZUe61dFptm1lKbo7bqgGLJwiAPqxHU1N6Ztrm98p6EhhuA=="
    },
    "bulma": {
      "version": "0.8.2",
      "resolved": "https://registry.npmjs.org/bulma/-/bulma-0.8.2.tgz",
      "integrity": "sha512-vMM/ijYSxX+Sm+nD7Lmc1UgWDy2JcL2nTKqwgEqXuOMU+IGALbXd5MLt/BcjBAPLIx36TtzhzBcSnOP974gcqA=="
    },
    "vue-i18n": {
      "version": "8.18.2",
      "resolved": "https://registry.npmjs.org/vue-i18n/-/vue-i18n-8.18.2.tgz",
      "integrity": "sha512-0X5nBTCZAVjlwcrPaYJwNs3iipBBTv0AUHwQUOa8yP3XbQGWKbRHqBb3OhCYtum/IHDD21d/df5Xd2VgyxbxfA=="
    }
  }
}
